
Microsoft Visual Studio Solution File, Format Version 12.00
# Visual Studio Version 16
VisualStudioVersion = 16.0.32002.261
MinimumVisualStudioVersion = 10.0.40219.1
Project("{FAE04EC0-301F-11D3-BF4B-00C04F79EFBC}") = "RepositoryTest", "RepositoryTest\RepositoryTest.csproj", "{69EEB8FD-3718-4C68-8091-386ADB618E9A}"
EndProject
Project("{FAE04EC0-301F-11D3-BF4B-00C04F79EFBC}") = "ClassLibrary1", "ClassLibrary1\ClassLibrary1.csproj", "{C4D624D5-BFB2-4F95-AF0C-D334D8746F9D}"
EndProject
Project("{FAE04EC0-301F-11D3-BF4B-00C04F79EFBC}") = "ClassLibrary2", "folder\ClassLibrary2\ClassLibrary2.csproj", "{8F75AC83-E59C-4B08-9A34-6B7B7A7AB230}"
EndProject
Project("{2150E333-8FDC-42A3-9474-1A3956D46DE8}") = "folder", "folder", "{BCBC9BF6-40C9-41C0-ACF1-2CB5567DADE9}"
EndProject
Project("{FAE04EC0-301F-11D3-BF4B-00C04F79EFBC}") = "ClassLibrary3", "ClassLibrary3\ClassLibrary3.csproj", "{A2DC71F7-3EA4-4144-95D5-C69F2AF53542}"
EndProject
Project("{FAE04EC0-301F-11D3-BF4B-00C04F79EFBC}") = "ClassLibrary4", "folder\ClassLibrary4\ClassLibrary4.csproj", "{2570FFE6-D67D-4ACF-989E-4E1526A0A4FB}"
EndProject
Project("{FAE04EC0-301F-11D3-BF4B-00C04F79EFBC}") = "ClassLibrary5", "ClassLibrary5\ClassLibrary5.csproj", "{24973A0A-04AC-466C-992E-3C3925E71A3B}"
EndProject
Project("{2150E333-8FDC-42A3-9474-1A3956D46DE8}") = "subfolder", "subfolder", "{EA13DA28-85E8-43A1-B8B3-5D84D45FA456}"
EndProject
Project("{9A19103F-16F7-4668-BE54-9A1E7A4F7556}") = "ConsoleApp6", "folder\subfolder\ConsoleApp6\ConsoleApp6.csproj", "{34F828E3-EC72-42A7-A430-4436D579E3DF}"
EndProject
Project("{FAE04EC0-301F-11D3-BF4B-00C04F79EFBC}") = "ConsoleAppWithNuget", "folder\ConsoleAppWithNuget\ConsoleAppWithNuget.csproj", "{2CB9A2AD-195C-45D6-8EFE-17B9CF3D5FAA}"
EndProject
Project("{2150E333-8FDC-42A3-9474-1A3956D46DE8}") = "vbnet", "vbnet", "{EC024514-0581-43A7-81F4-F624FE817172}"
EndProject
Project("{F184B08F-C81C-45F6-A57F-5ABD9991F28F}") = "VbConsoleApp1", "vbnet\VbConsoleApp1\VbConsoleApp1.vbproj", "{62518035-E8C2-4790-8F55-F9F49C3A6E87}"
EndProject
Global
	GlobalSection(SolutionConfigurationPlatforms) = preSolution
		Debug|Any CPU = Debug|Any CPU
		Release|Any CPU = Release|Any CPU
	EndGlobalSection
	GlobalSection(ProjectConfigurationPlatforms) = postSolution
		{69EEB8FD-3718-4C68-8091-386ADB618E9A}.Debug|Any CPU.ActiveCfg = Debug|Any CPU
		{69EEB8FD-3718-4C68-8091-386ADB618E9A}.Debug|Any CPU.Build.0 = Debug|Any CPU
		{69EEB8FD-3718-4C68-8091-386ADB618E9A}.Release|Any CPU.ActiveCfg = Release|Any CPU
		{69EEB8FD-3718-4C68-8091-386ADB618E9A}.Release|Any CPU.Build.0 = Release|Any CPU
		{C4D624D5-BFB2-4F95-AF0C-D334D8746F9D}.Debug|Any CPU.ActiveCfg = Debug|Any CPU
		{C4D624D5-BFB2-4F95-AF0C-D334D8746F9D}.Debug|Any CPU.Build.0 = Debug|Any CPU
		{C4D624D5-BFB2-4F95-AF0C-D334D8746F9D}.Release|Any CPU.ActiveCfg = Release|Any CPU
		{C4D624D5-BFB2-4F95-AF0C-D334D8746F9D}.Release|Any CPU.Build.0 = Release|Any CPU
		{8F75AC83-E59C-4B08-9A34-6B7B7A7AB230}.Debug|Any CPU.ActiveCfg = Debug|Any CPU
		{8F75AC83-E59C-4B08-9A34-6B7B7A7AB230}.Debug|Any CPU.Build.0 = Debug|Any CPU
		{8F75AC83-E59C-4B08-9A34-6B7B7A7AB230}.Release|Any CPU.ActiveCfg = Release|Any CPU
		{8F75AC83-E59C-4B08-9A34-6B7B7A7AB230}.Release|Any CPU.Build.0 = Release|Any CPU
		{A2DC71F7-3EA4-4144-95D5-C69F2AF53542}.Debug|Any CPU.ActiveCfg = Debug|Any CPU
		{A2DC71F7-3EA4-4144-95D5-C69F2AF53542}.Debug|Any CPU.Build.0 = Debug|Any CPU
		{A2DC71F7-3EA4-4144-95D5-C69F2AF53542}.Release|Any CPU.ActiveCfg = Release|Any CPU
		{A2DC71F7-3EA4-4144-95D5-C69F2AF53542}.Release|Any CPU.Build.0 = Release|Any CPU
		{2570FFE6-D67D-4ACF-989E-4E1526A0A4FB}.Debug|Any CPU.ActiveCfg = Debug|Any CPU
		{2570FFE6-D67D-4ACF-989E-4E1526A0A4FB}.Debug|Any CPU.Build.0 = Debug|Any CPU
		{2570FFE6-D67D-4ACF-989E-4E1526A0A4FB}.Release|Any CPU.ActiveCfg = Release|Any CPU
		{2570FFE6-D67D-4ACF-989E-4E1526A0A4FB}.Release|Any CPU.Build.0 = Release|Any CPU
		{24973A0A-04AC-466C-992E-3C3925E71A3B}.Debug|Any CPU.ActiveCfg = Debug|Any CPU
		{24973A0A-04AC-466C-992E-3C3925E71A3B}.Debug|Any CPU.Build.0 = Debug|Any CPU
		{24973A0A-04AC-466C-992E-3C3925E71A3B}.Release|Any CPU.ActiveCfg = Release|Any CPU
		{24973A0A-04AC-466C-992E-3C3925E71A3B}.Release|Any CPU.Build.0 = Release|Any CPU
		{34F828E3-EC72-42A7-A430-4436D579E3DF}.Debug|Any CPU.ActiveCfg = Debug|Any CPU
		{34F828E3-EC72-42A7-A430-4436D579E3DF}.Debug|Any CPU.Build.0 = Debug|Any CPU
		{34F828E3-EC72-42A7-A430-4436D579E3DF}.Release|Any CPU.ActiveCfg = Release|Any CPU
		{34F828E3-EC72-42A7-A430-4436D579E3DF}.Release|Any CPU.Build.0 = Release|Any CPU
		{2CB9A2AD-195C-45D6-8EFE-17B9CF3D5FAA}.Debug|Any CPU.ActiveCfg = Debug|Any CPU
		{2CB9A2AD-195C-45D6-8EFE-17B9CF3D5FAA}.Debug|Any CPU.Build.0 = Debug|Any CPU
		{2CB9A2AD-195C-45D6-8EFE-17B9CF3D5FAA}.Release|Any CPU.ActiveCfg = Release|Any CPU
		{2CB9A2AD-195C-45D6-8EFE-17B9CF3D5FAA}.Release|Any CPU.Build.0 = Release|Any CPU
		{62518035-E8C2-4790-8F55-F9F49C3A6E87}.Debug|Any CPU.ActiveCfg = Debug|Any CPU
		{62518035-E8C2-4790-8F55-F9F49C3A6E87}.Debug|Any CPU.Build.0 = Debug|Any CPU
		{62518035-E8C2-4790-8F55-F9F49C3A6E87}.Release|Any CPU.ActiveCfg = Release|Any CPU
		{62518035-E8C2-4790-8F55-F9F49C3A6E87}.Release|Any CPU.Build.0 = Release|Any CPU
	EndGlobalSection
	GlobalSection(SolutionProperties) = preSolution
		HideSolutionNode = FALSE
	EndGlobalSection
	GlobalSection(NestedProjects) = preSolution
		{8F75AC83-E59C-4B08-9A34-6B7B7A7AB230} = {BCBC9BF6-40C9-41C0-ACF1-2CB5567DADE9}
		{BCBC9BF6-40C9-41C0-ACF1-2CB5567DADE9} = {EC024514-0581-43A7-81F4-F624FE817172}
		{2570FFE6-D67D-4ACF-989E-4E1526A0A4FB} = {BCBC9BF6-40C9-41C0-ACF1-2CB5567DADE9}
		{EA13DA28-85E8-43A1-B8B3-5D84D45FA456} = {BCBC9BF6-40C9-41C0-ACF1-2CB5567DADE9}
		{34F828E3-EC72-42A7-A430-4436D579E3DF} = {EA13DA28-85E8-43A1-B8B3-5D84D45FA456}
		{2CB9A2AD-195C-45D6-8EFE-17B9CF3D5FAA} = {BCBC9BF6-40C9-41C0-ACF1-2CB5567DADE9}
		{62518035-E8C2-4790-8F55-F9F49C3A6E87} = {EC024514-0581-43A7-81F4-F624FE817172}
	EndGlobalSection
	GlobalSection(ExtensibilityGlobals) = postSolution
		SolutionGuid = {D0609603-7183-4171-9642-81D9B64CBDCF}
	EndGlobalSection
EndGlobal
